// !$*UTF8*$!
{
	archiveVersion = 1;
	classes = {
	};
	objectVersion = 55;
	objects = {

/* Begin PBXBuildFile section */
		8C8A4AE52877A04E00EBE92D /* BookShelfAppApp.swift in Sources */ = {isa = PBXBuildFile; fileRef = 8C8A4AE42877A04E00EBE92D /* BookShelfAppApp.swift */; };
		8C8A4AE72877A04E00EBE92D /* ContentView.swift in Sources */ = {isa = PBXBuildFile; fileRef = 8C8A4AE62877A04E00EBE92D /* ContentView.swift */; };
		8C8A4AEC2877A04E00EBE92D /* Preview Assets.xcassets in Resources */ = {isa = PBXBuildFile; fileRef = 8C8A4AEB2877A04E00EBE92D /* Preview Assets.xcassets */; };
		8C8A4AF42877A17700EBE92D /* Assets.xcassets in Resources */ = {isa = PBXBuildFile; fileRef = 8C8A4AF32877A17700EBE92D /* Assets.xcassets */; };
		8C8A4AFA2877A54500EBE92D /* Book.swift in Sources */ = {isa = PBXBuildFile; fileRef = 8C8A4AF92877A54500EBE92D /* Book.swift */; };
		8C8A4AFC2877A77700EBE92D /* BookListView.swift in Sources */ = {isa = PBXBuildFile; fileRef = 8C8A4AFB2877A77700EBE92D /* BookListView.swift */; };
		8C8A4B002877A92600EBE92D /* BookDetailView.swift in Sources */ = {isa = PBXBuildFile; fileRef = 8C8A4AFF2877A92600EBE92D /* BookDetailView.swift */; };
		8C8A4B042877D71F00EBE92D /* BooksData.swift in Sources */ = {isa = PBXBuildFile; fileRef = 8C8A4B032877D71F00EBE92D /* BooksData.swift */; };
/* End PBXBuildFile section */

/* Begin PBXFileReference section */
		8C8A4AE12877A04E00EBE92D /* BookShelfApp.app */ = {isa = PBXFileReference; explicitFileType = wrapper.application; includeInIndex = 0; path = BookShelfApp.app; sourceTree = BUILT_PRODUCTS_DIR; };
		8C8A4AE42877A04E00EBE92D /* BookShelfAppApp.swift */ = {isa = PBXFileReference; lastKnownFileType = sourcecode.swift; path = BookShelfAppApp.swift; sourceTree = "<group>"; };
		8C8A4AE62877A04E00EBE92D /* ContentView.swift */ = {isa = PBXFileReference; lastKnownFileType = sourcecode.swift; path = ContentView.swift; sourceTree = "<group>"; };
		8C8A4AEB2877A04E00EBE92D /* Preview Assets.xcassets */ = {isa = PBXFileReference; lastKnownFileType = folder.assetcatalog; path = "Preview Assets.xcassets"; sourceTree = "<group>"; };
		8C8A4AF32877A17700EBE92D /* Assets.xcassets */ = {isa = PBXFileReference; lastKnownFileType = folder.assetcatalog; path = Assets.xcassets; sourceTree = "<group>"; };
		8C8A4AF92877A54500EBE92D /* Book.swift */ = {isa = PBXFileReference; lastKnownFileType = sourcecode.swift; path = Book.swift; sourceTree = "<group>"; };
		8C8A4AFB2877A77700EBE92D /* BookListView.swift */ = {isa = PBXFileReference; lastKnownFileType = sourcecode.swift; path = BookListView.swift; sourceTree = "<group>"; };
		8C8A4AFF2877A92600EBE92D /* BookDetailView.swift */ = {isa = PBXFileReference; lastKnownFileType = sourcecode.swift; path = BookDetailView.swift; sourceTree = "<group>"; };
		8C8A4B032877D71F00EBE92D /* BooksData.swift */ = {isa = PBXFileReference; lastKnownFileType = sourcecode.swift; path = BooksData.swift; sourceTree = "<group>"; };
/* End PBXFileReference section */

/* Begin PBXFrameworksBuildPhase section */
		8C8A4ADE2877A04E00EBE92D /* Frameworks */ = {
			isa = PBXFrameworksBuildPhase;
			buildActionMask = 2147483647;
			files = (
			);
			runOnlyForDeploymentPostprocessing = 0;
		};
/* End PBXFrameworksBuildPhase section */

/* Begin PBXGroup section */
		8C8A4AD82877A04E00EBE92D = {
			isa = PBXGroup;
			children = (
				8C8A4AE32877A04E00EBE92D /* BookShelfApp */,
				8C8A4AE22877A04E00EBE92D /* Products */,
			);
			sourceTree = "<group>";
		};
		8C8A4AE22877A04E00EBE92D /* Products */ = {
			isa = PBXGroup;
			children = (
				8C8A4AE12877A04E00EBE92D /* BookShelfApp.app */,
			);
			name = Products;
			sourceTree = "<group>";
		};
		8C8A4AE32877A04E00EBE92D /* BookShelfApp */ = {
			isa = PBXGroup;
			children = (
				8C8A4AF62877A4F900EBE92D /* View */,
				8C8A4AF52877A4F200EBE92D /* Model */,
				8C8A4AE42877A04E00EBE92D /* BookShelfAppApp.swift */,
				8C8A4AE62877A04E00EBE92D /* ContentView.swift */,
				8C8A4AEA2877A04E00EBE92D /* Preview Content */,
				8C8A4AF22877A17700EBE92D /* Resources */,
				8C8A4B032877D71F00EBE92D /* BooksData.swift */,
			);
			path = BookShelfApp;
			sourceTree = "<group>";
		};
		8C8A4AEA2877A04E00EBE92D /* Preview Content */ = {
			isa = PBXGroup;
			children = (
				8C8A4AEB2877A04E00EBE92D /* Preview Assets.xcassets */,
			);
			path = "Preview Content";
			sourceTree = "<group>";
		};
		8C8A4AF22877A17700EBE92D /* Resources */ = {
			isa = PBXGroup;
			children = (
				8C8A4AF32877A17700EBE92D /* Assets.xcassets */,
			);
			name = Resources;
			path = ../../../Downloads/Resources;
			sourceTree = "<group>";
		};
		8C8A4AF52877A4F200EBE92D /* Model */ = {
			isa = PBXGroup;
			children = (
				8C8A4AF92877A54500EBE92D /* Book.swift */,
			);
			path = Model;
			sourceTree = "<group>";
		};
		8C8A4AF62877A4F900EBE92D /* View */ = {
			isa = PBXGroup;
			children = (
				8C8A4AFB2877A77700EBE92D /* BookListView.swift */,
				8C8A4AFF2877A92600EBE92D /* BookDetailView.swift */,
			);
			path = View;
			sourceTree = "<group>";
		};
/* End PBXGroup section */

/* Begin PBXNativeTarget section */
		8C8A4AE02877A04E00EBE92D /* BookShelfApp */ = {
			isa = PBXNativeTarget;
			buildConfigurationList = 8C8A4AEF2877A04E00EBE92D /* Build configuration list for PBXNativeTarget "BookShelfApp" */;
			buildPhases = (
				8C8A4ADD2877A04E00EBE92D /* Sources */,
				8C8A4ADE2877A04E00EBE92D /* Frameworks */,
				8C8A4ADF2877A04E00EBE92D /* Resources */,
			);
			buildRules = (
			);
			dependencies = (
			);
			name = BookShelfApp;
			productName = BookShelfApp;
			productReference = 8C8A4AE12877A04E00EBE92D /* BookShelfApp.app */;
			productType = "com.apple.product-type.application";
		};
/* End PBXNativeTarget section */

/* Begin PBXProject section */
		8C8A4AD92877A04E00EBE92D /* Project object */ = {
			isa = PBXProject;
			attributes = {
				BuildIndependentTargetsInParallel = 1;
				LastSwiftUpdateCheck = 1340;
				LastUpgradeCheck = 1340;
				TargetAttributes = {
					8C8A4AE02877A04E00EBE92D = {
						CreatedOnToolsVersion = 13.4.1;
					};
				};
			};
			buildConfigurationList = 8C8A4ADC2877A04E00EBE92D /* Build configuration list for PBXProject "BookShelfApp" */;
			compatibilityVersion = "Xcode 13.0";
			developmentRegion = en;
			hasScannedForEncodings = 0;
			knownRegions = (
				en,
				Base,
			);
			mainGroup = 8C8A4AD82877A04E00EBE92D;
			productRefGroup = 8C8A4AE22877A04E00EBE92D /* Products */;
			projectDirPath = "";
			projectRoot = "";
			targets = (
				8C8A4AE02877A04E00EBE92D /* BookShelfApp */,
			);
		};
/* End PBXProject section */

/* Begin PBXResourcesBuildPhase section */
		8C8A4ADF2877A04E00EBE92D /* Resources */ = {
			isa = PBXResourcesBuildPhase;
			buildActionMask = 2147483647;
			files = (
				8C8A4AEC2877A04E00EBE92D /* Preview Assets.xcassets in Resources */,
				8C8A4AF42877A17700EBE92D /* Assets.xcassets in Resources */,
			);
			runOnlyForDeploymentPostprocessing = 0;
		};
/* End PBXResourcesBuildPhase section */

/* Begin PBXSourcesBuildPhase section */
		8C8A4ADD2877A04E00EBE92D /* Sources */ = {
			isa = PBXSourcesBuildPhase;
			buildActionMask = 2147483647;
			files = (
				8C8A4B042877D71F00EBE92D /* BooksData.swift in Sources */,
				8C8A4AFA2877A54500EBE92D /* Book.swift in Sources */,
				8C8A4AE72877A04E00EBE92D /* ContentView.swift in Sources */,
				8C8A4AFC2877A77700EBE92D /* BookListView.swift in Sources */,
				8C8A4AE52877A04E00EBE92D /* BookShelfAppApp.swift in Sources */,
				8C8A4B002877A92600EBE92D /* BookDetailView.swift in Sources */,
			);
			runOnlyForDeploymentPostprocessing = 0;
		};
/* End PBXSourcesBuildPhase section */

/* Begin XCBuildConfiguration section */
		8C8A4AED2877A04E00EBE92D /* Debug */ = {
			isa = XCBuildConfiguration;
			buildSettings = {
				ALWAYS_SEARCH_USER_PATHS = NO;
				CLANG_ANALYZER_NONNULL = YES;
				CLANG_ANALYZER_NUMBER_OBJECT_CONVERSION = YES_AGGRESSIVE;
				CLANG_CXX_LANGUAGE_STANDARD = "gnu++17";
				CLANG_ENABLE_MODULES = YES;
				CLANG_ENABLE_OBJC_ARC = YES;
				CLANG_ENABLE_OBJC_WEAK = YES;
				CLANG_WARN_BLOCK_CAPTURE_AUTORELEASING = YES;
				CLANG_WARN_BOOL_CONVERSION = YES;
				CLANG_WARN_COMMA = YES;
				CLANG_WARN_CONSTANT_CONVERSION = YES;
				CLANG_WARN_DEPRECATED_OBJC_IMPLEMENTATIONS = YES;
				CLANG_WARN_DIRECT_OBJC_ISA_USAGE = YES_ERROR;
				CLANG_WARN_DOCUMENTATION_COMMENTS = YES;
				CLANG_WARN_EMPTY_BODY = YES;
				CLANG_WARN_ENUM_CONVERSION = YES;
				CLANG_WARN_INFINITE_RECURSION = YES;
				CLANG_WARN_INT_CONVERSION = YES;
				CLANG_WARN_NON_LITERAL_NULL_CONVERSION = YES;
				CLANG_WARN_OBJC_IMPLICIT_RETAIN_SELF = YES;
				CLANG_WARN_OBJC_LITERAL_CONVERSION = YES;
				CLANG_WARN_OBJC_ROOT_CLASS = YES_ERROR;
				CLANG_WARN_QUOTED_INCLUDE_IN_FRAMEWORK_HEADER = YES;
				CLANG_WARN_RANGE_LOOP_ANALYSIS = YES;
				CLANG_WARN_STRICT_PROTOTYPES = YES;
				CLANG_WARN_SUSPICIOUS_MOVE = YES;
				CLANG_WARN_UNGUARDED_AVAILABILITY = YES_AGGRESSIVE;
				CLANG_WARN_UNREACHABLE_CODE = YES;
				CLANG_WARN__DUPLICATE_METHOD_MATCH = YES;
				COPY_PHASE_STRIP = NO;
				DEBUG_INFORMATION_FORMAT = dwarf;
				ENABLE_STRICT_OBJC_MSGSEND = YES;
				ENABLE_TESTABILITY = YES;
				GCC_C_LANGUAGE_STANDARD = gnu11;
				GCC_DYNAMIC_NO_PIC = NO;
				GCC_NO_COMMON_BLOCKS = YES;
				GCC_OPTIMIZATION_LEVEL = 0;
				GCC_PREPROCESSOR_DEFINITIONS = (
					"DEBUG=1",
					"$(inherited)",
				);
				GCC_WARN_64_TO_32_BIT_CONVERSION = YES;
				GCC_WARN_ABOUT_RETURN_TYPE = YES_ERROR;
				GCC_WARN_UNDECLARED_SELECTOR = YES;
				GCC_WARN_UNINITIALIZED_AUTOS = YES_AGGRESSIVE;
				GCC_WARN_UNUSED_FUNCTION = YES;
				GCC_WARN_UNUSED_VARIABLE = YES;
				IPHONEOS_DEPLOYMENT_TARGET = 15.5;
				MTL_ENABLE_DEBUG_INFO = INCLUDE_SOURCE;
				MTL_FAST_MATH = YES;
				ONLY_ACTIVE_ARCH = YES;
				SDKROOT = iphoneos;
				SWIFT_ACTIVE_COMPILATION_CONDITIONS = DEBUG;
				SWIFT_OPTIMIZATION_LEVEL = "-Onone";
			};
			name = Debug;
		};
		8C8A4AEE2877A04E00EBE92D /* Release */ = {
			isa = XCBuildConfiguration;
			buildSettings = {
				ALWAYS_SEARCH_USER_PATHS = NO;
				CLANG_ANALYZER_NONNULL = YES;
				CLANG_ANALYZER_NUMBER_OBJECT_CONVERSION = YES_AGGRESSIVE;
				CLANG_CXX_LANGUAGE_STANDARD = "gnu++17";
				CLANG_ENABLE_MODULES = YES;
				CLANG_ENABLE_OBJC_ARC = YES;
				CLANG_ENABLE_OBJC_WEAK = YES;
				CLANG_WARN_BLOCK_CAPTURE_AUTORELEASING = YES;
				CLANG_WARN_BOOL_CONVERSION = YES;
				CLANG_WARN_COMMA = YES;
				CLANG_WARN_CONSTANT_CONVERSION = YES;
				CLANG_WARN_DEPRECATED_OBJC_IMPLEMENTATIONS = YES;
				CLANG_WARN_DIRECT_OBJC_ISA_USAGE = YES_ERROR;
				CLANG_WARN_DOCUMENTATION_COMMENTS = YES;
				CLANG_WARN_EMPTY_BODY = YES;
				CLANG_WARN_ENUM_CONVERSION = YES;
				CLANG_WARN_INFINITE_RECURSION = YES;
				CLANG_WARN_INT_CONVERSION = YES;
				CLANG_WARN_NON_LITERAL_NULL_CONVERSION = YES;
				CLANG_WARN_OBJC_IMPLICIT_RETAIN_SELF = YES;
				CLANG_WARN_OBJC_LITERAL_CONVERSION = YES;
				CLANG_WARN_OBJC_ROOT_CLASS = YES_ERROR;
				CLANG_WARN_QUOTED_INCLUDE_IN_FRAMEWORK_HEADER = YES;
				CLANG_WARN_RANGE_LOOP_ANALYSIS = YES;
				CLANG_WARN_STRICT_PROTOTYPES = YES;
				CLANG_WARN_SUSPICIOUS_MOVE = YES;
				CLANG_WARN_UNGUARDED_AVAILABILITY = YES_AGGRESSIVE;
				CLANG_WARN_UNREACHABLE_CODE = YES;
				CLANG_WARN__DUPLICATE_METHOD_MATCH = YES;
				COPY_PHASE_STRIP = NO;
				DEBUG_INFORMATION_FORMAT = "dwarf-with-dsym";
				ENABLE_NS_ASSERTIONS = NO;
				ENABLE_STRICT_OBJC_MSGSEND = YES;
				GCC_C_LANGUAGE_STANDARD = gnu11;
				GCC_NO_COMMON_BLOCKS = YES;
				GCC_WARN_64_TO_32_BIT_CONVERSION = YES;
				GCC_WARN_ABOUT_RETURN_TYPE = YES_ERROR;
				GCC_WARN_UNDECLARED_SELECTOR = YES;
				GCC_WARN_UNINITIALIZED_AUTOS = YES_AGGRESSIVE;
				GCC_WARN_UNUSED_FUNCTION = YES;
				GCC_WARN_UNUSED_VARIABLE = YES;
				IPHONEOS_DEPLOYMENT_TARGET = 15.5;
				MTL_ENABLE_DEBUG_INFO = NO;
				MTL_FAST_MATH = YES;
				SDKROOT = iphoneos;
				SWIFT_COMPILATION_MODE = wholemodule;
				SWIFT_OPTIMIZATION_LEVEL = "-O";
				VALIDATE_PRODUCT = YES;
			};
			name = Release;
		};
		8C8A4AF02877A04E00EBE92D /* Debug */ = {
			isa = XCBuildConfiguration;
			buildSettings = {
				ASSETCATALOG_COMPILER_APPICON_NAME = AppIcon;
				ASSETCATALOG_COMPILER_GLOBAL_ACCENT_COLOR_NAME = AccentColor;
				CODE_SIGN_STYLE = Automatic;
				CURRENT_PROJECT_VERSION = 1;
				DEVELOPMENT_ASSET_PATHS = "\"BookShelfApp/Preview Content\"";
				ENABLE_PREVIEWS = YES;
				GENERATE_INFOPLIST_FILE = YES;
				INFOPLIST_KEY_UIApplicationSceneManifest_Generation = YES;
				INFOPLIST_KEY_UIApplicationSupportsIndirectInputEvents = YES;
				INFOPLIST_KEY_UILaunchScreen_Generation = YES;
				INFOPLIST_KEY_UISupportedInterfaceOrientations_iPad = "UIInterfaceOrientationPortrait UIInterfaceOrientationPortraitUpsideDown UIInterfaceOrientationLandscapeLeft UIInterfaceOrientationLandscapeRight";
				INFOPLIST_KEY_UISupportedInterfaceOrientations_iPhone = "UIInterfaceOrientationPortrait UIInterfaceOrientationLandscapeLeft UIInterfaceOrientationLandscapeRight";
				LD_RUNPATH_SEARCH_PATHS = (
					"$(inherited)",
					"@executable_path/Frameworks",
				);
				MARKETING_VERSION = 1.0;
				PRODUCT_BUNDLE_IDENTIFIER = com.BookShelfApp;
				PRODUCT_NAME = "$(TARGET_NAME)";
				SWIFT_EMIT_LOC_STRINGS = YES;
				SWIFT_VERSION = 5.0;
				TARGETED_DEVICE_FAMILY = "1,2";
			};
			name = Debug;
		};
		8C8A4AF12877A04E00EBE92D /* Release */ = {
			isa = XCBuildConfiguration;
			buildSettings = {
				ASSETCATALOG_COMPILER_APPICON_NAME = AppIcon;
				ASSETCATALOG_COMPILER_GLOBAL_ACCENT_COLOR_NAME = AccentColor;
				CODE_SIGN_STYLE = Automatic;
				CURRENT_PROJECT_VERSION = 1;
				DEVELOPMENT_ASSET_PATHS = "\"BookShelfApp/Preview Content\"";
				ENABLE_PREVIEWS = YES;
				GENERATE_INFOPLIST_FILE = YES;
				INFOPLIST_KEY_UIApplicationSceneManifest_Generation = YES;
				INFOPLIST_KEY_UIApplicationSupportsIndirectInputEvents = YES;
				INFOPLIST_KEY_UILaunchScreen_Generation = YES;
				INFOPLIST_KEY_UISupportedInterfaceOrientations_iPad = "UIInterfaceOrientationPortrait UIInterfaceOrientationPortraitUpsideDown UIInterfaceOrientationLandscapeLeft UIInterfaceOrientationLandscapeRight";
				INFOPLIST_KEY_UISupportedInterfaceOrientations_iPhone = "UIInterfaceOrientationPortrait UIInterfaceOrientationLandscapeLeft UIInterfaceOrientationLandscapeRight";
				LD_RUNPATH_SEARCH_PATHS = (
					"$(inherited)",
					"@executable_path/Frameworks",
				);
				MARKETING_VERSION = 1.0;
				PRODUCT_BUNDLE_IDENTIFIER = com.BookShelfApp;
				PRODUCT_NAME = "$(TARGET_NAME)";
				SWIFT_EMIT_LOC_STRINGS = YES;
				SWIFT_VERSION = 5.0;
				TARGETED_DEVICE_FAMILY = "1,2";
			};
			name = Release;
		};
/* End XCBuildConfiguration section */

/* Begin XCConfigurationList section */
		8C8A4ADC2877A04E00EBE92D /* Build configuration list for PBXProject "BookShelfApp" */ = {
			isa = XCConfigurationList;
			buildConfigurations = (
				8C8A4AED2877A04E00EBE92D /* Debug */,
				8C8A4AEE2877A04E00EBE92D /* Release */,
			);
			defaultConfigurationIsVisible = 0;
			defaultConfigurationName = Release;
		};
		8C8A4AEF2877A04E00EBE92D /* Build configuration list for PBXNativeTarget "BookShelfApp" */ = {
			isa = XCConfigurationList;
			buildConfigurations = (
				8C8A4AF02877A04E00EBE92D /* Debug */,
				8C8A4AF12877A04E00EBE92D /* Release */,
			);
			defaultConfigurationIsVisible = 0;
			defaultConfigurationName = Release;
		};
/* End XCConfigurationList section */
	};
	rootObject = 8C8A4AD92877A04E00EBE92D /* Project object */;
}
